
Microsoft Visual Studio Solution File, Format Version 12.00
# Visual Studio Version 17
VisualStudioVersion = 17.2.32526.322
MinimumVisualStudioVersion = 10.0.40219.1
Project("{FAE04EC0-301F-11D3-BF4B-00C04F79EFBC}") = "SuperHunterFight", "SuperHunterFight\SuperHunterFight.csproj", "{C59F7243-8E16-42B1-9C4D-44795B795DF3}"
EndProject
Global
	GlobalSection(SolutionConfigurationPlatforms) = preSolution
		Debug|Any CPU = Debug|Any CPU
		Release|Any CPU = Release|Any CPU
	EndGlobalSection
	GlobalSection(ProjectConfigurationPlatforms) = postSolution
		{C59F7243-8E16-42B1-9C4D-44795B795DF3}.Debug|Any CPU.ActiveCfg = Debug|Any CPU
		{C59F7243-8E16-42B1-9C4D-44795B795DF3}.Debug|Any CPU.Build.0 = Debug|Any CPU
		{C59F7243-8E16-42B1-9C4D-44795B795DF3}.Release|Any CPU.ActiveCfg = Release|Any CPU
		{C59F7243-8E16-42B1-9C4D-44795B795DF3}.Release|Any CPU.Build.0 = Release|Any CPU
	EndGlobalSection
	GlobalSection(SolutionProperties) = preSolution
		HideSolutionNode = FALSE
	EndGlobalSection
	GlobalSection(ExtensibilityGlobals) = postSolution
		SolutionGuid = {28A8AA68-4B69-4B07-9255-1A783624C3B9}
	EndGlobalSection
EndGlobal
